
Microsoft Visual Studio Solution File, Format Version 12.00
# Visual Studio Version 17
VisualStudioVersion = 17.13.35919.96
MinimumVisualStudioVersion = 10.0.40219.1
Project("{FAE04EC0-301F-11D3-BF4B-00C04F79EFBC}") = "RevitApplication", "RevitApp\RevitApplication.csproj", "{792F0F8D-D4B3-4A75-93C4-1BED88A7450E}"
EndProject
Global
	GlobalSection(SolutionConfigurationPlatforms) = preSolution
		Debug|Any CPU = Debug|Any CPU
		Release|Any CPU = Release|Any CPU
	EndGlobalSection
	GlobalSection(ProjectConfigurationPlatforms) = postSolution
		{792F0F8D-D4B3-4A75-93C4-1BED88A7450E}.Debug|Any CPU.ActiveCfg = Debug|Any CPU
		{792F0F8D-D4B3-4A75-93C4-1BED88A7450E}.Debug|Any CPU.Build.0 = Debug|Any CPU
		{792F0F8D-D4B3-4A75-93C4-1BED88A7450E}.Release|Any CPU.ActiveCfg = Release|Any CPU
		{792F0F8D-D4B3-4A75-93C4-1BED88A7450E}.Release|Any CPU.Build.0 = Release|Any CPU
	EndGlobalSection
	GlobalSection(SolutionProperties) = preSolution
		HideSolutionNode = FALSE
	EndGlobalSection
	GlobalSection(ExtensibilityGlobals) = postSolution
		SolutionGuid = {7B63B2C3-6198-48E5-BD6C-CEC7EA6E8EB5}
	EndGlobalSection
EndGlobal
